// !$*UTF8*$!
{
	archiveVersion = 1;
	classes = {
	};
	objectVersion = 50;
	objects = {

/* Begin PBXBuildFile section */
		D7D396CD2131B85400955FFB /* AppDelegate.swift in Sources */ = {isa = PBXBuildFile; fileRef = D7D396CC2131B85400955FFB /* AppDelegate.swift */; };
		D7D396CF2131B85400955FFB /* ToDoListViewController.swift in Sources */ = {isa = PBXBuildFile; fileRef = D7D396CE2131B85400955FFB /* ToDoListViewController.swift */; };
		D7D396D22131B85400955FFB /* Main.storyboard in Resources */ = {isa = PBXBuildFile; fileRef = D7D396D02131B85400955FFB /* Main.storyboard */; };
		D7D396D42131B85500955FFB /* Assets.xcassets in Resources */ = {isa = PBXBuildFile; fileRef = D7D396D32131B85500955FFB /* Assets.xcassets */; };
		D7D396D72131B85500955FFB /* LaunchScreen.storyboard in Resources */ = {isa = PBXBuildFile; fileRef = D7D396D52131B85500955FFB /* LaunchScreen.storyboard */; };
		D7D396E32131B8E200955FFB /* Item.swift in Sources */ = {isa = PBXBuildFile; fileRef = D7D396E22131B8E200955FFB /* Item.swift */; };
/* End PBXBuildFile section */

/* Begin PBXFileReference section */
		D7D396C92131B85400955FFB /* Listem-CoreData.app */ = {isa = PBXFileReference; explicitFileType = wrapper.application; includeInIndex = 0; path = "Listem-CoreData.app"; sourceTree = BUILT_PRODUCTS_DIR; };
		D7D396CC2131B85400955FFB /* AppDelegate.swift */ = {isa = PBXFileReference; lastKnownFileType = sourcecode.swift; path = AppDelegate.swift; sourceTree = "<group>"; };
		D7D396CE2131B85400955FFB /* ToDoListViewController.swift */ = {isa = PBXFileReference; lastKnownFileType = sourcecode.swift; path = ToDoListViewController.swift; sourceTree = "<group>"; };
		D7D396D12131B85400955FFB /* Base */ = {isa = PBXFileReference; lastKnownFileType = file.storyboard; name = Base; path = Base.lproj/Main.storyboard; sourceTree = "<group>"; };
		D7D396D32131B85500955FFB /* Assets.xcassets */ = {isa = PBXFileReference; lastKnownFileType = folder.assetcatalog; path = Assets.xcassets; sourceTree = "<group>"; };
		D7D396D62131B85500955FFB /* Base */ = {isa = PBXFileReference; lastKnownFileType = file.storyboard; name = Base; path = Base.lproj/LaunchScreen.storyboard; sourceTree = "<group>"; };
		D7D396D82131B85500955FFB /* Info.plist */ = {isa = PBXFileReference; lastKnownFileType = text.plist.xml; path = Info.plist; sourceTree = "<group>"; };
		D7D396E22131B8E200955FFB /* Item.swift */ = {isa = PBXFileReference; lastKnownFileType = sourcecode.swift; path = Item.swift; sourceTree = "<group>"; };
/* End PBXFileReference section */

/* Begin PBXFrameworksBuildPhase section */
		D7D396C62131B85400955FFB /* Frameworks */ = {
			isa = PBXFrameworksBuildPhase;
			buildActionMask = 2147483647;
			files = (
			);
			runOnlyForDeploymentPostprocessing = 0;
		};
/* End PBXFrameworksBuildPhase section */

/* Begin PBXGroup section */
		D7D396C02131B85400955FFB = {
			isa = PBXGroup;
			children = (
				D7D396CB2131B85400955FFB /* Listem-CoreData */,
				D7D396CA2131B85400955FFB /* Products */,
			);
			sourceTree = "<group>";
		};
		D7D396CA2131B85400955FFB /* Products */ = {
			isa = PBXGroup;
			children = (
				D7D396C92131B85400955FFB /* Listem-CoreData.app */,
			);
			name = Products;
			sourceTree = "<group>";
		};
		D7D396CB2131B85400955FFB /* Listem-CoreData */ = {
			isa = PBXGroup;
			children = (
				D7D396CC2131B85400955FFB /* AppDelegate.swift */,
				D7D396DE2131B89700955FFB /* Controllers */,
				D7D396DF2131B8A100955FFB /* Views */,
				D7D396E02131B8AE00955FFB /* Supporting Files */,
				D7D396D82131B85500955FFB /* Info.plist */,
				D7D396E12131B8BE00955FFB /* Data Model */,
			);
			path = "Listem-CoreData";
			sourceTree = "<group>";
		};
		D7D396DE2131B89700955FFB /* Controllers */ = {
			isa = PBXGroup;
			children = (
				D7D396CE2131B85400955FFB /* ToDoListViewController.swift */,
			);
			path = Controllers;
			sourceTree = "<group>";
		};
		D7D396DF2131B8A100955FFB /* Views */ = {
			isa = PBXGroup;
			children = (
				D7D396D02131B85400955FFB /* Main.storyboard */,
			);
			path = Views;
			sourceTree = "<group>";
		};
		D7D396E02131B8AE00955FFB /* Supporting Files */ = {
			isa = PBXGroup;
			children = (
				D7D396D32131B85500955FFB /* Assets.xcassets */,
				D7D396D52131B85500955FFB /* LaunchScreen.storyboard */,
			);
			path = "Supporting Files";
			sourceTree = "<group>";
		};
		D7D396E12131B8BE00955FFB /* Data Model */ = {
			isa = PBXGroup;
			children = (
				D7D396E22131B8E200955FFB /* Item.swift */,
			);
			path = "Data Model";
			sourceTree = "<group>";
		};
/* End PBXGroup section */

/* Begin PBXNativeTarget section */
		D7D396C82131B85400955FFB /* Listem-CoreData */ = {
			isa = PBXNativeTarget;
			buildConfigurationList = D7D396DB2131B85500955FFB /* Build configuration list for PBXNativeTarget "Listem-CoreData" */;
			buildPhases = (
				D7D396C52131B85400955FFB /* Sources */,
				D7D396C62131B85400955FFB /* Frameworks */,
				D7D396C72131B85400955FFB /* Resources */,
			);
			buildRules = (
			);
			dependencies = (
			);
			name = "Listem-CoreData";
			productName = "Listem-CoreData";
			productReference = D7D396C92131B85400955FFB /* Listem-CoreData.app */;
			productType = "com.apple.product-type.application";
		};
/* End PBXNativeTarget section */

/* Begin PBXProject section */
		D7D396C12131B85400955FFB /* Project object */ = {
			isa = PBXProject;
			attributes = {
				LastSwiftUpdateCheck = 0940;
				LastUpgradeCheck = 0940;
				ORGANIZATIONNAME = "Ozkan Yilmaz";
				TargetAttributes = {
					D7D396C82131B85400955FFB = {
						CreatedOnToolsVersion = 9.4.1;
					};
				};
			};
			buildConfigurationList = D7D396C42131B85400955FFB /* Build configuration list for PBXProject "Listem-CoreData" */;
			compatibilityVersion = "Xcode 9.3";
			developmentRegion = en;
			hasScannedForEncodings = 0;
			knownRegions = (
				en,
				Base,
			);
			mainGroup = D7D396C02131B85400955FFB;
			productRefGroup = D7D396CA2131B85400955FFB /* Products */;
			projectDirPath = "";
			projectRoot = "";
			targets = (
				D7D396C82131B85400955FFB /* Listem-CoreData */,
			);
		};
/* End PBXProject section */

/* Begin PBXResourcesBuildPhase section */
		D7D396C72131B85400955FFB /* Resources */ = {
			isa = PBXResourcesBuildPhase;
			buildActionMask = 2147483647;
			files = (
				D7D396D72131B85500955FFB /* LaunchScreen.storyboard in Resources */,
				D7D396D42131B85500955FFB /* Assets.xcassets in Resources */,
				D7D396D22131B85400955FFB /* Main.storyboard in Resources */,
			);
			runOnlyForDeploymentPostprocessing = 0;
		};
/* End PBXResourcesBuildPhase section */

/* Begin PBXSourcesBuildPhase section */
		D7D396C52131B85400955FFB /* Sources */ = {
			isa = PBXSourcesBuildPhase;
			buildActionMask = 2147483647;
			files = (
				D7D396CF2131B85400955FFB /* ToDoListViewController.swift in Sources */,
				D7D396E32131B8E200955FFB /* Item.swift in Sources */,
				D7D396CD2131B85400955FFB /* AppDelegate.swift in Sources */,
			);
			runOnlyForDeploymentPostprocessing = 0;
		};
/* End PBXSourcesBuildPhase section */

/* Begin PBXVariantGroup section */
		D7D396D02131B85400955FFB /* Main.storyboard */ = {
			isa = PBXVariantGroup;
			children = (
				D7D396D12131B85400955FFB /* Base */,
			);
			name = Main.storyboard;
			sourceTree = "<group>";
		};
		D7D396D52131B85500955FFB /* LaunchScreen.storyboard */ = {
			isa = PBXVariantGroup;
			children = (
				D7D396D62131B85500955FFB /* Base */,
			);
			name = LaunchScreen.storyboard;
			sourceTree = "<group>";
		};
/* End PBXVariantGroup section */

/* Begin XCBuildConfiguration section */
		D7D396D92131B85500955FFB /* Debug */ = {
			isa = XCBuildConfiguration;
			buildSettings = {
				ALWAYS_SEARCH_USER_PATHS = NO;
				CLANG_ANALYZER_NONNULL = YES;
				CLANG_ANALYZER_NUMBER_OBJECT_CONVERSION = YES_AGGRESSIVE;
				CLANG_CXX_LANGUAGE_STANDARD = "gnu++14";
				CLANG_CXX_LIBRARY = "libc++";
				CLANG_ENABLE_MODULES = YES;
				CLANG_ENABLE_OBJC_ARC = YES;
				CLANG_ENABLE_OBJC_WEAK = YES;
				CLANG_WARN_BLOCK_CAPTURE_AUTORELEASING = YES;
				CLANG_WARN_BOOL_CONVERSION = YES;
				CLANG_WARN_COMMA = YES;
				CLANG_WARN_CONSTANT_CONVERSION = YES;
				CLANG_WARN_DEPRECATED_OBJC_IMPLEMENTATIONS = YES;
				CLANG_WARN_DIRECT_OBJC_ISA_USAGE = YES_ERROR;
				CLANG_WARN_DOCUMENTATION_COMMENTS = YES;
				CLANG_WARN_EMPTY_BODY = YES;
				CLANG_WARN_ENUM_CONVERSION = YES;
				CLANG_WARN_INFINITE_RECURSION = YES;
				CLANG_WARN_INT_CONVERSION = YES;
				CLANG_WARN_NON_LITERAL_NULL_CONVERSION = YES;
				CLANG_WARN_OBJC_IMPLICIT_RETAIN_SELF = YES;
				CLANG_WARN_OBJC_LITERAL_CONVERSION = YES;
				CLANG_WARN_OBJC_ROOT_CLASS = YES_ERROR;
				CLANG_WARN_RANGE_LOOP_ANALYSIS = YES;
				CLANG_WARN_STRICT_PROTOTYPES = YES;
				CLANG_WARN_SUSPICIOUS_MOVE = YES;
				CLANG_WARN_UNGUARDED_AVAILABILITY = YES_AGGRESSIVE;
				CLANG_WARN_UNREACHABLE_CODE = YES;
				CLANG_WARN__DUPLICATE_METHOD_MATCH = YES;
				CODE_SIGN_IDENTITY = "iPhone Developer";
				COPY_PHASE_STRIP = NO;
				DEBUG_INFORMATION_FORMAT = dwarf;
				ENABLE_STRICT_OBJC_MSGSEND = YES;
				ENABLE_TESTABILITY = YES;
				GCC_C_LANGUAGE_STANDARD = gnu11;
				GCC_DYNAMIC_NO_PIC = NO;
				GCC_NO_COMMON_BLOCKS = YES;
				GCC_OPTIMIZATION_LEVEL = 0;
				GCC_PREPROCESSOR_DEFINITIONS = (
					"DEBUG=1",
					"$(inherited)",
				);
				GCC_WARN_64_TO_32_BIT_CONVERSION = YES;
				GCC_WARN_ABOUT_RETURN_TYPE = YES_ERROR;
				GCC_WARN_UNDECLARED_SELECTOR = YES;
				GCC_WARN_UNINITIALIZED_AUTOS = YES_AGGRESSIVE;
				GCC_WARN_UNUSED_FUNCTION = YES;
				GCC_WARN_UNUSED_VARIABLE = YES;
				IPHONEOS_DEPLOYMENT_TARGET = 11.4;
				MTL_ENABLE_DEBUG_INFO = YES;
				ONLY_ACTIVE_ARCH = YES;
				SDKROOT = iphoneos;
				SWIFT_ACTIVE_COMPILATION_CONDITIONS = DEBUG;
				SWIFT_OPTIMIZATION_LEVEL = "-Onone";
			};
			name = Debug;
		};
		D7D396DA2131B85500955FFB /* Release */ = {
			isa = XCBuildConfiguration;
			buildSettings = {
				ALWAYS_SEARCH_USER_PATHS = NO;
				CLANG_ANALYZER_NONNULL = YES;
				CLANG_ANALYZER_NUMBER_OBJECT_CONVERSION = YES_AGGRESSIVE;
				CLANG_CXX_LANGUAGE_STANDARD = "gnu++14";
				CLANG_CXX_LIBRARY = "libc++";
				CLANG_ENABLE_MODULES = YES;
				CLANG_ENABLE_OBJC_ARC = YES;
				CLANG_ENABLE_OBJC_WEAK = YES;
				CLANG_WARN_BLOCK_CAPTURE_AUTORELEASING = YES;
				CLANG_WARN_BOOL_CONVERSION = YES;
				CLANG_WARN_COMMA = YES;
				CLANG_WARN_CONSTANT_CONVERSION = YES;
				CLANG_WARN_DEPRECATED_OBJC_IMPLEMENTATIONS = YES;
				CLANG_WARN_DIRECT_OBJC_ISA_USAGE = YES_ERROR;
				CLANG_WARN_DOCUMENTATION_COMMENTS = YES;
				CLANG_WARN_EMPTY_BODY = YES;
				CLANG_WARN_ENUM_CONVERSION = YES;
				CLANG_WARN_INFINITE_RECURSION = YES;
				CLANG_WARN_INT_CONVERSION = YES;
				CLANG_WARN_NON_LITERAL_NULL_CONVERSION = YES;
				CLANG_WARN_OBJC_IMPLICIT_RETAIN_SELF = YES;
				CLANG_WARN_OBJC_LITERAL_CONVERSION = YES;
				CLANG_WARN_OBJC_ROOT_CLASS = YES_ERROR;
				CLANG_WARN_RANGE_LOOP_ANALYSIS = YES;
				CLANG_WARN_STRICT_PROTOTYPES = YES;
				CLANG_WARN_SUSPICIOUS_MOVE = YES;
				CLANG_WARN_UNGUARDED_AVAILABILITY = YES_AGGRESSIVE;
				CLANG_WARN_UNREACHABLE_CODE = YES;
				CLANG_WARN__DUPLICATE_METHOD_MATCH = YES;
				CODE_SIGN_IDENTITY = "iPhone Developer";
				COPY_PHASE_STRIP = NO;
				DEBUG_INFORMATION_FORMAT = "dwarf-with-dsym";
				ENABLE_NS_ASSERTIONS = NO;
				ENABLE_STRICT_OBJC_MSGSEND = YES;
				GCC_C_LANGUAGE_STANDARD = gnu11;
				GCC_NO_COMMON_BLOCKS = YES;
				GCC_WARN_64_TO_32_BIT_CONVERSION = YES;
				GCC_WARN_ABOUT_RETURN_TYPE = YES_ERROR;
				GCC_WARN_UNDECLARED_SELECTOR = YES;
				GCC_WARN_UNINITIALIZED_AUTOS = YES_AGGRESSIVE;
				GCC_WARN_UNUSED_FUNCTION = YES;
				GCC_WARN_UNUSED_VARIABLE = YES;
				IPHONEOS_DEPLOYMENT_TARGET = 11.4;
				MTL_ENABLE_DEBUG_INFO = NO;
				SDKROOT = iphoneos;
				SWIFT_COMPILATION_MODE = wholemodule;
				SWIFT_OPTIMIZATION_LEVEL = "-O";
				VALIDATE_PRODUCT = YES;
			};
			name = Release;
		};
		D7D396DC2131B85500955FFB /* Debug */ = {
			isa = XCBuildConfiguration;
			buildSettings = {
				ASSETCATALOG_COMPILER_APPICON_NAME = AppIcon;
				CODE_SIGN_STYLE = Automatic;
				DEVELOPMENT_TEAM = FWCB3DV7J3;
				INFOPLIST_FILE = "Listem-CoreData/Info.plist";
				LD_RUNPATH_SEARCH_PATHS = (
					"$(inherited)",
					"@executable_path/Frameworks",
				);
				PRODUCT_BUNDLE_IDENTIFIER = "com.ozkanapps.Listem-CoreData";
				PRODUCT_NAME = "$(TARGET_NAME)";
				SWIFT_VERSION = 4.0;
				TARGETED_DEVICE_FAMILY = "1,2";
			};
			name = Debug;
		};
		D7D396DD2131B85500955FFB /* Release */ = {
			isa = XCBuildConfiguration;
			buildSettings = {
				ASSETCATALOG_COMPILER_APPICON_NAME = AppIcon;
				CODE_SIGN_STYLE = Automatic;
				DEVELOPMENT_TEAM = FWCB3DV7J3;
				INFOPLIST_FILE = "Listem-CoreData/Info.plist";
				LD_RUNPATH_SEARCH_PATHS = (
					"$(inherited)",
					"@executable_path/Frameworks",
				);
				PRODUCT_BUNDLE_IDENTIFIER = "com.ozkanapps.Listem-CoreData";
				PRODUCT_NAME = "$(TARGET_NAME)";
				SWIFT_VERSION = 4.0;
				TARGETED_DEVICE_FAMILY = "1,2";
			};
			name = Release;
		};
/* End XCBuildConfiguration section */

/* Begin XCConfigurationList section */
		D7D396C42131B85400955FFB /* Build configuration list for PBXProject "Listem-CoreData" */ = {
			isa = XCConfigurationList;
			buildConfigurations = (
				D7D396D92131B85500955FFB /* Debug */,
				D7D396DA2131B85500955FFB /* Release */,
			);
			defaultConfigurationIsVisible = 0;
			defaultConfigurationName = Release;
		};
		D7D396DB2131B85500955FFB /* Build configuration list for PBXNativeTarget "Listem-CoreData" */ = {
			isa = XCConfigurationList;
			buildConfigurations = (
				D7D396DC2131B85500955FFB /* Debug */,
				D7D396DD2131B85500955FFB /* Release */,
			);
			defaultConfigurationIsVisible = 0;
			defaultConfigurationName = Release;
		};
/* End XCConfigurationList section */
	};
	rootObject = D7D396C12131B85400955FFB /* Project object */;
}
